{
  "name": "steampipes",
  "version": "6.6.0",
  "lockfileVersion": 2,
  "requires": true,
  "packages": {
    "": {
      "version": "6.6.0",
      "license": "MIT",
      "dependencies": {
        "@uppy/fs-tail-stream": "^1.2.0",
        "cnd": "^9.0.0",
        "datom": "^7.0.3",
        "intertext-splitlines": "^1.2.0",
        "intertype": "^7.0.2",
        "multimix": "^4.1.0",
        "timsort": "^0.3.0"
      },
      "devDependencies": {
        "guy-test": "^4.0.1"
      }
    },
    "node_modules/@uppy/fs-tail-stream": {
      "version": "1.2.0",
      "resolved": "https://registry.npmjs.org/@uppy/fs-tail-stream/-/fs-tail-stream-1.2.0.tgz",
      "integrity": "sha512-Yil6Z4phfYBHneLK5aimQ4AtVleorcTRuy0TzJrhFx4OEdbGUQ8haLQklQUOhaFJbaeu20VGishz/kLWzQiiTg==",
      "dependencies": {
        "once": "^1.4.0"
      }
    },
    "node_modules/async": {
      "version": "3.2.0",
      "resolved": "https://registry.npmjs.org/async/-/async-3.2.0.tgz",
      "integrity": "sha512-TR2mEZFVOj2pLStYxLht7TyfuRzaydfpxr3k9RpHIzMgw7A64dzsdqCxH1WJyQdoe8T10nDXd9wnEigmiuHIZw==",
      "dev": true
    },
    "node_modules/cnd": {
      "version": "9.2.1",
      "resolved": "https://registry.npmjs.org/cnd/-/cnd-9.2.1.tgz",
      "integrity": "sha512-JszZtSlOCxkIvNPKpw1PmIcQUjYO+pBqVoKVH2STHLtG4JHHJ1NHowv39lhyxzlPxUTZk7pZ3qO7CfrfJ8ZSKw==",
      "bin": {
        "nodexh": "bin/nodexh"
      }
    },
    "node_modules/cupofjoe": {
      "version": "0.1.1",
      "resolved": "https://registry.npmjs.org/cupofjoe/-/cupofjoe-0.1.1.tgz",
      "integrity": "sha512-lNapdhUmwN0y94FGYvGubow+ZznI/A8+AlETPRli5+N4WkSnCys9Md1MiG8ZFPhjpS5Z+/NYC8nWdu+sLOOd/Q==",
      "dependencies": {
        "cnd": "^9.0.0",
        "intertype": "^7.0.2",
        "multimix": "^4.0.0"
      }
    },
    "node_modules/datom": {
      "version": "7.0.3",
      "resolved": "https://registry.npmjs.org/datom/-/datom-7.0.3.tgz",
      "integrity": "sha512-0t2/KrbaYkAzTCGexM8lS6dQkPuKjG2udpdRzrgWTHtOyK3TxWW1lGXfY18NK8SqZYCSJvjNPqKfGNfI4Msm2Q==",
      "dependencies": {
        "cnd": "^9.0.0",
        "cupofjoe": "^0.1.1",
        "emittery": "0.6.0",
        "intertype": "^7.0.2",
        "letsfreezethat": "^2.2.5",
        "multimix": "^4.1.0"
      }
    },
    "node_modules/emittery": {
      "version": "0.6.0",
      "resolved": "https://registry.npmjs.org/emittery/-/emittery-0.6.0.tgz",
      "integrity": "sha512-6EMRGr9KzYWp8DzHFZsKVZBsMO6QhAeHMeHND8rhyBNCHKMLpgW9tZv40bwN3rAIKRS5CxcK8oLRKUJSB9h7yQ==",
      "engines": {
        "node": ">=10"
      }
    },
    "node_modules/guy-test": {
      "version": "4.0.1",
      "resolved": "https://registry.npmjs.org/guy-test/-/guy-test-4.0.1.tgz",
      "integrity": "sha512-NH2ZCLVFCEGmTe2znmCuflSL8Uo1jTAXTSpYOkijstXFwonLtaScfmkVw5e2dL9GAcQ0GlPZRhdhySbhUCgVSg==",
      "dev": true,
      "dependencies": {
        "async": "^3.2.0",
        "cnd": "^9.0.0",
        "intertype": "^7.0.1"
      }
    },
    "node_modules/intertext-splitlines": {
      "version": "1.2.0",
      "resolved": "https://registry.npmjs.org/intertext-splitlines/-/intertext-splitlines-1.2.0.tgz",
      "integrity": "sha512-K88EL5l2F01CjSux+MZeKqOGNWAIKKYDPsetDB7WTvwLnT/EMgp/JXOjAJqhyFC2ji5vMYHKnbtM7vxS+iLoog==",
      "dependencies": {
        "cnd": "^9.2.1",
        "intertype": "^7.4.0"
      }
    },
    "node_modules/intertype": {
      "version": "7.6.3",
      "resolved": "https://registry.npmjs.org/intertype/-/intertype-7.6.3.tgz",
      "integrity": "sha512-77FmgaqGydWBc5OIde+geMj4+dGZ1i5UIFXM4C9QHiEIBjh+Gojycsb7XtRYYLNhNJepa+jotHXfAGPngHatzw==",
      "dependencies": {
        "multimix": "^5.0.0"
      }
    },
    "node_modules/intertype/node_modules/multimix": {
      "version": "5.0.0",
      "resolved": "https://registry.npmjs.org/multimix/-/multimix-5.0.0.tgz",
      "integrity": "sha512-N9cdGSDDD7kxOV7R6e4iZqsHTZ4F4iiSDWqMcVqx4gEH6HBtRXav39Gj3fgT1YqvBcwPCQuf0Oa5R2cDaLWK8A=="
    },
    "node_modules/letsfreezethat": {
      "version": "2.2.5",
      "resolved": "https://registry.npmjs.org/letsfreezethat/-/letsfreezethat-2.2.5.tgz",
      "integrity": "sha512-w4XD73ki7rClXBft9OmvngG6abnE71h0BTMNCCXdmDGI3zYNIZYjG6/fOhRjz1crWc5ic/XGKdl6KkusftiKpA=="
    },
    "node_modules/multimix": {
      "version": "4.1.0",
      "resolved": "https://registry.npmjs.org/multimix/-/multimix-4.1.0.tgz",
      "integrity": "sha512-GUV1SMXk7ZS/DiLHNYA6G43I+ORymTRvixCXBebR8kIFWy/1Syl7WmoI0dBvPzvs7goIK3VbCRO+EtIEP2R11w==",
      "dependencies": {
        "cnd": "^9.0.0"
      }
    },
    "node_modules/once": {
      "version": "1.4.0",
      "resolved": "https://registry.npmjs.org/once/-/once-1.4.0.tgz",
      "integrity": "sha1-WDsap3WWHUsROsF9nFC6753Xa9E=",
      "dependencies": {
        "wrappy": "1"
      }
    },
    "node_modules/timsort": {
      "version": "0.3.0",
      "resolved": "https://registry.npmjs.org/timsort/-/timsort-0.3.0.tgz",
      "integrity": "sha1-QFQRqOfmM5/mTbmiNN4R3DHgK9Q="
    },
    "node_modules/wrappy": {
      "version": "1.0.2",
      "resolved": "https://registry.npmjs.org/wrappy/-/wrappy-1.0.2.tgz",
      "integrity": "sha1-tSQ9jz7BqjXxNkYFvA0QNuMKtp8="
    }
  },
  "dependencies": {
    "@uppy/fs-tail-stream": {
      "version": "1.2.0",
      "resolved": "https://registry.npmjs.org/@uppy/fs-tail-stream/-/fs-tail-stream-1.2.0.tgz",
      "integrity": "sha512-Yil6Z4phfYBHneLK5aimQ4AtVleorcTRuy0TzJrhFx4OEdbGUQ8haLQklQUOhaFJbaeu20VGishz/kLWzQiiTg==",
      "requires": {
        "once": "^1.4.0"
      }
    },
    "async": {
      "version": "3.2.0",
      "resolved": "https://registry.npmjs.org/async/-/async-3.2.0.tgz",
      "integrity": "sha512-TR2mEZFVOj2pLStYxLht7TyfuRzaydfpxr3k9RpHIzMgw7A64dzsdqCxH1WJyQdoe8T10nDXd9wnEigmiuHIZw==",
      "dev": true
    },
    "cnd": {
      "version": "9.2.1",
      "resolved": "https://registry.npmjs.org/cnd/-/cnd-9.2.1.tgz",
      "integrity": "sha512-JszZtSlOCxkIvNPKpw1PmIcQUjYO+pBqVoKVH2STHLtG4JHHJ1NHowv39lhyxzlPxUTZk7pZ3qO7CfrfJ8ZSKw=="
    },
    "cupofjoe": {
      "version": "0.1.1",
      "resolved": "https://registry.npmjs.org/cupofjoe/-/cupofjoe-0.1.1.tgz",
      "integrity": "sha512-lNapdhUmwN0y94FGYvGubow+ZznI/A8+AlETPRli5+N4WkSnCys9Md1MiG8ZFPhjpS5Z+/NYC8nWdu+sLOOd/Q==",
      "requires": {
        "cnd": "^9.0.0",
        "intertype": "^7.0.2",
        "multimix": "^4.0.0"
      }
    },
    "datom": {
      "version": "7.0.3",
      "resolved": "https://registry.npmjs.org/datom/-/datom-7.0.3.tgz",
      "integrity": "sha512-0t2/KrbaYkAzTCGexM8lS6dQkPuKjG2udpdRzrgWTHtOyK3TxWW1lGXfY18NK8SqZYCSJvjNPqKfGNfI4Msm2Q==",
      "requires": {
        "cnd": "^9.0.0",
        "cupofjoe": "^0.1.1",
        "emittery": "0.6.0",
        "intertype": "^7.0.2",
        "letsfreezethat": "^2.2.5",
        "multimix": "^4.1.0"
      }
    },
    "emittery": {
      "version": "0.6.0",
      "resolved": "https://registry.npmjs.org/emittery/-/emittery-0.6.0.tgz",
      "integrity": "sha512-6EMRGr9KzYWp8DzHFZsKVZBsMO6QhAeHMeHND8rhyBNCHKMLpgW9tZv40bwN3rAIKRS5CxcK8oLRKUJSB9h7yQ=="
    },
    "guy-test": {
      "version": "4.0.1",
      "resolved": "https://registry.npmjs.org/guy-test/-/guy-test-4.0.1.tgz",
      "integrity": "sha512-NH2ZCLVFCEGmTe2znmCuflSL8Uo1jTAXTSpYOkijstXFwonLtaScfmkVw5e2dL9GAcQ0GlPZRhdhySbhUCgVSg==",
      "dev": true,
      "requires": {
        "async": "^3.2.0",
        "cnd": "^9.0.0",
        "intertype": "^7.0.1"
      }
    },
    "intertext-splitlines": {
      "version": "1.2.0",
      "resolved": "https://registry.npmjs.org/intertext-splitlines/-/intertext-splitlines-1.2.0.tgz",
      "integrity": "sha512-K88EL5l2F01CjSux+MZeKqOGNWAIKKYDPsetDB7WTvwLnT/EMgp/JXOjAJqhyFC2ji5vMYHKnbtM7vxS+iLoog==",
      "requires": {
        "cnd": "^9.2.1",
        "intertype": "^7.4.0"
      }
    },
    "intertype": {
      "version": "7.6.3",
      "resolved": "https://registry.npmjs.org/intertype/-/intertype-7.6.3.tgz",
      "integrity": "sha512-77FmgaqGydWBc5OIde+geMj4+dGZ1i5UIFXM4C9QHiEIBjh+Gojycsb7XtRYYLNhNJepa+jotHXfAGPngHatzw==",
      "requires": {
        "multimix": "^5.0.0"
      },
      "dependencies": {
        "multimix": {
          "version": "5.0.0",
          "resolved": "https://registry.npmjs.org/multimix/-/multimix-5.0.0.tgz",
          "integrity": "sha512-N9cdGSDDD7kxOV7R6e4iZqsHTZ4F4iiSDWqMcVqx4gEH6HBtRXav39Gj3fgT1YqvBcwPCQuf0Oa5R2cDaLWK8A=="
        }
      }
    },
    "letsfreezethat": {
      "version": "2.2.5",
      "resolved": "https://registry.npmjs.org/letsfreezethat/-/letsfreezethat-2.2.5.tgz",
      "integrity": "sha512-w4XD73ki7rClXBft9OmvngG6abnE71h0BTMNCCXdmDGI3zYNIZYjG6/fOhRjz1crWc5ic/XGKdl6KkusftiKpA=="
    },
    "multimix": {
      "version": "4.1.0",
      "resolved": "https://registry.npmjs.org/multimix/-/multimix-4.1.0.tgz",
      "integrity": "sha512-GUV1SMXk7ZS/DiLHNYA6G43I+ORymTRvixCXBebR8kIFWy/1Syl7WmoI0dBvPzvs7goIK3VbCRO+EtIEP2R11w==",
      "requires": {
        "cnd": "^9.0.0"
      }
    },
    "once": {
      "version": "1.4.0",
      "resolved": "https://registry.npmjs.org/once/-/once-1.4.0.tgz",
      "integrity": "sha1-WDsap3WWHUsROsF9nFC6753Xa9E=",
      "requires": {
        "wrappy": "1"
      }
    },
    "timsort": {
      "version": "0.3.0",
      "resolved": "https://registry.npmjs.org/timsort/-/timsort-0.3.0.tgz",
      "integrity": "sha1-QFQRqOfmM5/mTbmiNN4R3DHgK9Q="
    },
    "wrappy": {
      "version": "1.0.2",
      "resolved": "https://registry.npmjs.org/wrappy/-/wrappy-1.0.2.tgz",
      "integrity": "sha1-tSQ9jz7BqjXxNkYFvA0QNuMKtp8="
    }
  }
}
