{
  "name": "steampipes",
  "version": "3.2.0",
  "lockfileVersion": 1,
  "requires": true,
  "dependencies": {
    "ansi-styles": {
      "version": "1.1.0",
      "resolved": "https://registry.npmjs.org/ansi-styles/-/ansi-styles-1.1.0.tgz",
      "integrity": "sha1-6uy/Zs1waIJ2Cy9GkVgrj1XXp94=",
      "optional": true
    },
    "async": {
      "version": "3.1.0",
      "resolved": "https://registry.npmjs.org/async/-/async-3.1.0.tgz",
      "integrity": "sha512-4vx/aaY6j/j3Lw3fbCHNWP0pPaTCew3F6F3hYyl/tHs/ndmV1q7NW9T5yuJ2XAGwdQrP+6Wu20x06U4APo/iQQ==",
      "dev": true
    },
    "cnd": {
      "version": "4.6.0",
      "resolved": "https://registry.npmjs.org/cnd/-/cnd-4.6.0.tgz",
      "integrity": "sha512-f67fr4xFvv4Vhlo+GW8T+YB7a/jZy+9vD2DK/Udvkaul0RSniTOPFNT2Q2F/+BS4JfoDBUZdBoUra0u2SwtuSw==",
      "requires": {
        "mkdirp": "^0.5.1",
        "trycatch": "^1.5.21"
      }
    },
    "data-uri-to-buffer": {
      "version": "2.0.2",
      "resolved": "https://registry.npmjs.org/data-uri-to-buffer/-/data-uri-to-buffer-2.0.2.tgz",
      "integrity": "sha512-ND9qDTLc6diwj+Xe5cdAgVTbLVdXbtxTJRXRhli8Mowuaan+0EJOtdqJ0QCHNSSPyoXGx9HX2/VMnKeC34AChA=="
    },
    "diff": {
      "version": "4.0.1",
      "resolved": "https://registry.npmjs.org/diff/-/diff-4.0.1.tgz",
      "integrity": "sha512-s2+XdvhPCOF01LRQBC8hf4vhbVmI2CGS5aZnxLJlT5FtdhPCDFq80q++zK2KlrVorVDdL5BOGZ/VfLrVtYNF+Q==",
      "dev": true
    },
    "emittery": {
      "version": "0.4.1",
      "resolved": "https://registry.npmjs.org/emittery/-/emittery-0.4.1.tgz",
      "integrity": "sha512-r4eRSeStEGf6M5SKdrQhhLK5bOwOBxQhIE3YSTnZE3GpKiLfnnhE+tPtrJE79+eDJgm39BM6LSoI8SCx4HbwlQ=="
    },
    "get-source": {
      "version": "1.0.42",
      "resolved": "https://registry.npmjs.org/get-source/-/get-source-1.0.42.tgz",
      "integrity": "sha512-uM5xCIG5w2meVbiZaID4ajH6J8OfApqhlKXtZwsS/IIM9PLb0b2kc5sRdy78yEDfxsIYEWNk0OVxai6OpDCExA==",
      "requires": {
        "data-uri-to-buffer": "^2.0.0",
        "source-map": "^0.6.1"
      }
    },
    "guy-test": {
      "version": "1.4.1",
      "resolved": "https://registry.npmjs.org/guy-test/-/guy-test-1.4.1.tgz",
      "integrity": "sha512-uH5le+5RnlCYK55ilxPCj3di8axwC4f+1lS8YtU1t9mZfElzhYI6tk0s6vvqrBjoHNMVH7Iu1MoHQisj7f6+2w==",
      "dev": true,
      "requires": {
        "async": "^3.1.0",
        "cnd": "^4.6.0",
        "diff": "^4.0.1"
      }
    },
    "hookit": {
      "version": "1.1.3",
      "resolved": "https://registry.npmjs.org/hookit/-/hookit-1.1.3.tgz",
      "integrity": "sha1-YnvRuQvE7sHTe2OiCCzv9Rgb+xk="
    },
    "intertype": {
      "version": "2.5.0",
      "resolved": "https://registry.npmjs.org/intertype/-/intertype-2.5.0.tgz",
      "integrity": "sha512-syiYJI0LFVdve0b25x/Lv3xedivgW8Xbv43tAbOLdAKDzafO9LHHaAWFWzFr13sBs0OIwdU5Foqf+nnY5MgCRA==",
      "requires": {
        "cnd": "^4.5.0",
        "lodash.flattendeep": "^4.4.0",
        "multimix": "^2.0.0"
      }
    },
    "letsfreezethat": {
      "version": "2.2.5",
      "resolved": "https://registry.npmjs.org/letsfreezethat/-/letsfreezethat-2.2.5.tgz",
      "integrity": "sha512-w4XD73ki7rClXBft9OmvngG6abnE71h0BTMNCCXdmDGI3zYNIZYjG6/fOhRjz1crWc5ic/XGKdl6KkusftiKpA=="
    },
    "lodash.flattendeep": {
      "version": "4.4.0",
      "resolved": "https://registry.npmjs.org/lodash.flattendeep/-/lodash.flattendeep-4.4.0.tgz",
      "integrity": "sha1-+wMJF/hqMTTlvJvsDWngAT3f7bI="
    },
    "looper": {
      "version": "4.0.0",
      "resolved": "https://registry.npmjs.org/looper/-/looper-4.0.0.tgz",
      "integrity": "sha1-dwat7VmpntygbmtUu4bI7BnJUVU="
    },
    "minimist": {
      "version": "0.0.8",
      "resolved": "https://registry.npmjs.org/minimist/-/minimist-0.0.8.tgz",
      "integrity": "sha1-hX/Kv8M5fSYluCKCYuhqp6ARsF0="
    },
    "mkdirp": {
      "version": "0.5.1",
      "resolved": "https://registry.npmjs.org/mkdirp/-/mkdirp-0.5.1.tgz",
      "integrity": "sha1-MAV0OOrGz3+MR2fzhkjWaX11yQM=",
      "requires": {
        "minimist": "0.0.8"
      }
    },
    "multimix": {
      "version": "2.1.0",
      "resolved": "https://registry.npmjs.org/multimix/-/multimix-2.1.0.tgz",
      "integrity": "sha512-wf6LkOT9iQTuailzDwltF92iDX2fMdxzjRzlmkIiBy3pY7Bnm0ARkQ/YjIKkpUUSVvSqm9+HVr69Mvi17j7NwQ==",
      "requires": {
        "cnd": "^4.5.0"
      }
    },
    "pipedreams": {
      "version": "12.1.0",
      "resolved": "https://registry.npmjs.org/pipedreams/-/pipedreams-12.1.0.tgz",
      "integrity": "sha512-d3ejZVrSvMzNEv2KyOSmY2MgVGMnwpWljgoV5SN55urTLfPjRiT5phGdS80jTBWP/tVV0BdwPiUoKm1f9hmM8w==",
      "requires": {
        "cnd": "^4.6.0",
        "emittery": "^0.4.1",
        "intertype": "^2.5.0",
        "letsfreezethat": "^1.1.1",
        "multimix": "^2.0.0",
        "pipestreams": "^8.0.0"
      },
      "dependencies": {
        "letsfreezethat": {
          "version": "1.1.1",
          "resolved": "https://registry.npmjs.org/letsfreezethat/-/letsfreezethat-1.1.1.tgz",
          "integrity": "sha512-egDXKpaGMfbqRT5JckNfc1JmcOIC7y86fJNbXik6oCKc0KPKYVcEOnr3Rl+XpO+Bn7vGGfJgQ2+X1Z44jnUD5A=="
        }
      }
    },
    "pipestreams": {
      "version": "8.0.0",
      "resolved": "https://registry.npmjs.org/pipestreams/-/pipestreams-8.0.0.tgz",
      "integrity": "sha512-tA+niMDL6oMeMB0LWhF3Az3DIMV0gd9XYaNlDgswF4i8hqKWDPQtM7lpHNZUIf2b4nYbU/ZHtytidV869hhwTA==",
      "requires": {
        "cnd": "^4.6.0",
        "get-source": "^1.0.37",
        "intertype": "^2.5.0",
        "lodash.flattendeep": "^4.4.0",
        "multimix": "^2.0.0",
        "pull-cont": "^0.1.1",
        "pull-map-last": "^1.0.0",
        "pull-merge": "^1.0.4",
        "pull-mux": "^0.1.3",
        "pull-pair": "^1.1.0",
        "pull-paramap": "^1.2.2",
        "pull-pause": "0.0.2",
        "pull-pushable": "^2.2.0",
        "pull-split": "^0.2.0",
        "pull-stream": "^3.6.12",
        "pull-stream-to-stream": "^1.3.4",
        "pull-tee": "^2.0.1",
        "pull-utf8-decoder": "^1.0.2",
        "stack-trace": "0.0.10",
        "stream-to-pull-stream": "^1.7.3",
        "timsort": "^0.3.0"
      }
    },
    "pull-cont": {
      "version": "0.1.1",
      "resolved": "https://registry.npmjs.org/pull-cont/-/pull-cont-0.1.1.tgz",
      "integrity": "sha1-3x1YDicXV7qay666IN4kIdZg1hg="
    },
    "pull-many": {
      "version": "1.0.9",
      "resolved": "https://registry.npmjs.org/pull-many/-/pull-many-1.0.9.tgz",
      "integrity": "sha512-+jUydDVlj/HsvtDqxWMSsiRq3B0HVo7RhBV4C0p2nZRS3mFTUEu9SPEBN+B5PMaW8KTnblYhTIaKg7oXgGnj4Q==",
      "requires": {
        "pull-stream": "^3.4.5"
      }
    },
    "pull-map-last": {
      "version": "1.0.0",
      "resolved": "https://registry.npmjs.org/pull-map-last/-/pull-map-last-1.0.0.tgz",
      "integrity": "sha1-CdPZ/gBP4tnhjWl+z/x6JyWZRq8="
    },
    "pull-merge": {
      "version": "1.0.4",
      "resolved": "https://registry.npmjs.org/pull-merge/-/pull-merge-1.0.4.tgz",
      "integrity": "sha512-pz72yzy7nK4YVKV8+njxC5GrnATJ4OwFEviiuXx/K/W2+G2mDddkomv2g0j4Zf4eT+LhsBuVpOAjZU1E9BPqCw=="
    },
    "pull-mux": {
      "version": "0.1.3",
      "resolved": "https://registry.npmjs.org/pull-mux/-/pull-mux-0.1.3.tgz",
      "integrity": "sha1-qlKIYmvxAZpuP5aJDqLVXLs7WiU=",
      "requires": {
        "pull-many": "^1.0.8",
        "pull-pair": "^1.1.0",
        "pull-stream": "^3.5.0",
        "pull-tee": "https://github.com/pull-stream/pull-tee/tarball/master"
      },
      "dependencies": {
        "pull-tee": {
          "version": "https://github.com/pull-stream/pull-tee/tarball/master",
          "integrity": "sha512-Nw01X7fNikCaZbY65xJfrfbMH+iuBIsCt6oOwS5Rf5Lt6TlIaU8OiiXbVr/znIxsqhVIIs87cJa9RvvuhrF20Q=="
        }
      }
    },
    "pull-pair": {
      "version": "1.1.0",
      "resolved": "https://registry.npmjs.org/pull-pair/-/pull-pair-1.1.0.tgz",
      "integrity": "sha1-fuQnJj/fTaglOXrAoF4atLdL120="
    },
    "pull-paramap": {
      "version": "1.2.2",
      "resolved": "https://registry.npmjs.org/pull-paramap/-/pull-paramap-1.2.2.tgz",
      "integrity": "sha1-UaQZPOnI1yFdla2tReK824STsjo=",
      "requires": {
        "looper": "^4.0.0"
      }
    },
    "pull-pause": {
      "version": "0.0.2",
      "resolved": "https://registry.npmjs.org/pull-pause/-/pull-pause-0.0.2.tgz",
      "integrity": "sha1-GdRb6PqmFfpVbxSpb9czRiw3+6M="
    },
    "pull-pushable": {
      "version": "2.2.0",
      "resolved": "https://registry.npmjs.org/pull-pushable/-/pull-pushable-2.2.0.tgz",
      "integrity": "sha1-Xy867UethpGfAbEqLpnW8b13ZYE="
    },
    "pull-split": {
      "version": "0.2.1",
      "resolved": "https://registry.npmjs.org/pull-split/-/pull-split-0.2.1.tgz",
      "integrity": "sha512-lloBKx+ijuRNvxvhM/SMJQ0r9/0WBGcpCPv8I6MZuYl4D1heUF/eYQObnqVehhtTMYuMwboK7RdhMa4Wg3YB7w==",
      "requires": {
        "pull-through": "~1.0.6"
      }
    },
    "pull-stream": {
      "version": "3.6.14",
      "resolved": "https://registry.npmjs.org/pull-stream/-/pull-stream-3.6.14.tgz",
      "integrity": "sha512-KIqdvpqHHaTUA2mCYcLG1ibEbu/LCKoJZsBWyv9lSYtPkJPBq8m3Hxa103xHi6D2thj5YXa0TqK3L3GUkwgnew=="
    },
    "pull-stream-to-stream": {
      "version": "1.3.4",
      "resolved": "https://registry.npmjs.org/pull-stream-to-stream/-/pull-stream-to-stream-1.3.4.tgz",
      "integrity": "sha1-P4HYIWvRjSv9GhmBkEcRgOJzg5k="
    },
    "pull-tee": {
      "version": "2.0.1",
      "resolved": "https://registry.npmjs.org/pull-tee/-/pull-tee-2.0.1.tgz",
      "integrity": "sha1-AVX56ZgwH0c2XiE99Vz+5McebZc="
    },
    "pull-through": {
      "version": "1.0.18",
      "resolved": "https://registry.npmjs.org/pull-through/-/pull-through-1.0.18.tgz",
      "integrity": "sha1-jdYjFCY+Wc9Qlur7sSeitu8xBzU=",
      "requires": {
        "looper": "~3.0.0"
      },
      "dependencies": {
        "looper": {
          "version": "3.0.0",
          "resolved": "https://registry.npmjs.org/looper/-/looper-3.0.0.tgz",
          "integrity": "sha1-LvpUw7HLq6m5Su4uWRSwvlf7t0k="
        }
      }
    },
    "pull-utf8-decoder": {
      "version": "1.0.2",
      "resolved": "https://registry.npmjs.org/pull-utf8-decoder/-/pull-utf8-decoder-1.0.2.tgz",
      "integrity": "sha1-p6+iOE0eZBWl1gIFQSbMjeO8vOc="
    },
    "source-map": {
      "version": "0.6.1",
      "resolved": "https://registry.npmjs.org/source-map/-/source-map-0.6.1.tgz",
      "integrity": "sha512-UjgapumWlbMhkBgzT7Ykc5YXUT46F0iKu8SGXq0bcwP5dz/h0Plj6enJqjz1Zbq2l5WaqYnrVbwWOWMyF3F47g=="
    },
    "stack-trace": {
      "version": "0.0.10",
      "resolved": "https://registry.npmjs.org/stack-trace/-/stack-trace-0.0.10.tgz",
      "integrity": "sha1-VHxws0fo0ytOEI6hoqFZ5f3eGcA="
    },
    "stream-to-pull-stream": {
      "version": "1.7.3",
      "resolved": "https://registry.npmjs.org/stream-to-pull-stream/-/stream-to-pull-stream-1.7.3.tgz",
      "integrity": "sha512-6sNyqJpr5dIOQdgNy/xcDWwDuzAsAwVzhzrWlAPAQ7Lkjx/rv0wgvxEyKwTq6FmNd5rjTrELt/CLmaSw7crMGg==",
      "requires": {
        "looper": "^3.0.0",
        "pull-stream": "^3.2.3"
      },
      "dependencies": {
        "looper": {
          "version": "3.0.0",
          "resolved": "https://registry.npmjs.org/looper/-/looper-3.0.0.tgz",
          "integrity": "sha1-LvpUw7HLq6m5Su4uWRSwvlf7t0k="
        }
      }
    },
    "timsort": {
      "version": "0.3.0",
      "resolved": "https://registry.npmjs.org/timsort/-/timsort-0.3.0.tgz",
      "integrity": "sha1-QFQRqOfmM5/mTbmiNN4R3DHgK9Q="
    },
    "trycatch": {
      "version": "1.5.21",
      "resolved": "https://registry.npmjs.org/trycatch/-/trycatch-1.5.21.tgz",
      "integrity": "sha1-LLFdQ9T0X3Q2dweYoQvfvh1aVv4=",
      "requires": {
        "ansi-styles": "1.x.x",
        "hookit": "^1.1.3"
      }
    }
  }
}
